// !$*UTF8*$!
{
	archiveVersion = 1;
	classes = {
	};
	objectVersion = 48;
	objects = {

/* Begin PBXBuildFile section */
		81B5F3851F741A6500EA6A2C /* AppDelegate.swift in Sources */ = {isa = PBXBuildFile; fileRef = 81B5F3841F741A6500EA6A2C /* AppDelegate.swift */; };
		81B5F3871F741A6500EA6A2C /* ViewController.swift in Sources */ = {isa = PBXBuildFile; fileRef = 81B5F3861F741A6500EA6A2C /* ViewController.swift */; };
		81B5F38A1F741A6500EA6A2C /* Main.storyboard in Resources */ = {isa = PBXBuildFile; fileRef = 81B5F3881F741A6500EA6A2C /* Main.storyboard */; };
		81B5F38D1F741A6500EA6A2C /* DuoSnap.xcdatamodeld in Sources */ = {isa = PBXBuildFile; fileRef = 81B5F38B1F741A6500EA6A2C /* DuoSnap.xcdatamodeld */; };
		81B5F38F1F741A6500EA6A2C /* Assets.xcassets in Resources */ = {isa = PBXBuildFile; fileRef = 81B5F38E1F741A6500EA6A2C /* Assets.xcassets */; };
		81B5F3921F741A6500EA6A2C /* LaunchScreen.storyboard in Resources */ = {isa = PBXBuildFile; fileRef = 81B5F3901F741A6500EA6A2C /* LaunchScreen.storyboard */; };
/* End PBXBuildFile section */

/* Begin PBXFileReference section */
		81B5F3811F741A6500EA6A2C /* DuoSnap.app */ = {isa = PBXFileReference; explicitFileType = wrapper.application; includeInIndex = 0; path = DuoSnap.app; sourceTree = BUILT_PRODUCTS_DIR; };
		81B5F3841F741A6500EA6A2C /* AppDelegate.swift */ = {isa = PBXFileReference; lastKnownFileType = sourcecode.swift; path = AppDelegate.swift; sourceTree = "<group>"; };
		81B5F3861F741A6500EA6A2C /* ViewController.swift */ = {isa = PBXFileReference; lastKnownFileType = sourcecode.swift; path = ViewController.swift; sourceTree = "<group>"; };
		81B5F3891F741A6500EA6A2C /* Base */ = {isa = PBXFileReference; lastKnownFileType = file.storyboard; name = Base; path = Base.lproj/Main.storyboard; sourceTree = "<group>"; };
		81B5F38C1F741A6500EA6A2C /* DuoSnap.xcdatamodel */ = {isa = PBXFileReference; lastKnownFileType = wrapper.xcdatamodel; path = DuoSnap.xcdatamodel; sourceTree = "<group>"; };
		81B5F38E1F741A6500EA6A2C /* Assets.xcassets */ = {isa = PBXFileReference; lastKnownFileType = folder.assetcatalog; path = Assets.xcassets; sourceTree = "<group>"; };
		81B5F3911F741A6500EA6A2C /* Base */ = {isa = PBXFileReference; lastKnownFileType = file.storyboard; name = Base; path = Base.lproj/LaunchScreen.storyboard; sourceTree = "<group>"; };
		81B5F3931F741A6500EA6A2C /* Info.plist */ = {isa = PBXFileReference; lastKnownFileType = text.plist.xml; path = Info.plist; sourceTree = "<group>"; };
/* End PBXFileReference section */

/* Begin PBXFrameworksBuildPhase section */
		81B5F37E1F741A6500EA6A2C /* Frameworks */ = {
			isa = PBXFrameworksBuildPhase;
			buildActionMask = 2147483647;
			files = (
			);
			runOnlyForDeploymentPostprocessing = 0;
		};
/* End PBXFrameworksBuildPhase section */

/* Begin PBXGroup section */
		81B5F3781F741A6500EA6A2C = {
			isa = PBXGroup;
			children = (
				81B5F3831F741A6500EA6A2C /* DuoSnap */,
				81B5F3821F741A6500EA6A2C /* Products */,
			);
			sourceTree = "<group>";
		};
		81B5F3821F741A6500EA6A2C /* Products */ = {
			isa = PBXGroup;
			children = (
				81B5F3811F741A6500EA6A2C /* DuoSnap.app */,
			);
			name = Products;
			sourceTree = "<group>";
		};
		81B5F3831F741A6500EA6A2C /* DuoSnap */ = {
			isa = PBXGroup;
			children = (
				81B5F3841F741A6500EA6A2C /* AppDelegate.swift */,
				81B5F3861F741A6500EA6A2C /* ViewController.swift */,
				81B5F3881F741A6500EA6A2C /* Main.storyboard */,
				81B5F38E1F741A6500EA6A2C /* Assets.xcassets */,
				81B5F3901F741A6500EA6A2C /* LaunchScreen.storyboard */,
				81B5F3931F741A6500EA6A2C /* Info.plist */,
				81B5F38B1F741A6500EA6A2C /* DuoSnap.xcdatamodeld */,
			);
			path = DuoSnap;
			sourceTree = "<group>";
		};
/* End PBXGroup section */

/* Begin PBXNativeTarget section */
		81B5F3801F741A6500EA6A2C /* DuoSnap */ = {
			isa = PBXNativeTarget;
			buildConfigurationList = 81B5F3961F741A6500EA6A2C /* Build configuration list for PBXNativeTarget "DuoSnap" */;
			buildPhases = (
				81B5F37D1F741A6500EA6A2C /* Sources */,
				81B5F37E1F741A6500EA6A2C /* Frameworks */,
				81B5F37F1F741A6500EA6A2C /* Resources */,
			);
			buildRules = (
			);
			dependencies = (
			);
			name = DuoSnap;
			productName = DuoSnap;
			productReference = 81B5F3811F741A6500EA6A2C /* DuoSnap.app */;
			productType = "com.apple.product-type.application";
		};
/* End PBXNativeTarget section */

/* Begin PBXProject section */
		81B5F3791F741A6500EA6A2C /* Project object */ = {
			isa = PBXProject;
			attributes = {
				LastSwiftUpdateCheck = 0900;
				LastUpgradeCheck = 0900;
				ORGANIZATIONNAME = Nasim;
				TargetAttributes = {
					81B5F3801F741A6500EA6A2C = {
						CreatedOnToolsVersion = 9.0;
					};
				};
			};
			buildConfigurationList = 81B5F37C1F741A6500EA6A2C /* Build configuration list for PBXProject "DuoSnap" */;
			compatibilityVersion = "Xcode 8.0";
			developmentRegion = en;
			hasScannedForEncodings = 0;
			knownRegions = (
				en,
				Base,
			);
			mainGroup = 81B5F3781F741A6500EA6A2C;
			productRefGroup = 81B5F3821F741A6500EA6A2C /* Products */;
			projectDirPath = "";
			projectRoot = "";
			targets = (
				81B5F3801F741A6500EA6A2C /* DuoSnap */,
			);
		};
/* End PBXProject section */

/* Begin PBXResourcesBuildPhase section */
		81B5F37F1F741A6500EA6A2C /* Resources */ = {
			isa = PBXResourcesBuildPhase;
			buildActionMask = 2147483647;
			files = (
				81B5F3921F741A6500EA6A2C /* LaunchScreen.storyboard in Resources */,
				81B5F38F1F741A6500EA6A2C /* Assets.xcassets in Resources */,
				81B5F38A1F741A6500EA6A2C /* Main.storyboard in Resources */,
			);
			runOnlyForDeploymentPostprocessing = 0;
		};
/* End PBXResourcesBuildPhase section */

/* Begin PBXSourcesBuildPhase section */
		81B5F37D1F741A6500EA6A2C /* Sources */ = {
			isa = PBXSourcesBuildPhase;
			buildActionMask = 2147483647;
			files = (
				81B5F3871F741A6500EA6A2C /* ViewController.swift in Sources */,
				81B5F3851F741A6500EA6A2C /* AppDelegate.swift in Sources */,
				81B5F38D1F741A6500EA6A2C /* DuoSnap.xcdatamodeld in Sources */,
			);
			runOnlyForDeploymentPostprocessing = 0;
		};
/* End PBXSourcesBuildPhase section */

/* Begin PBXVariantGroup section */
		81B5F3881F741A6500EA6A2C /* Main.storyboard */ = {
			isa = PBXVariantGroup;
			children = (
				81B5F3891F741A6500EA6A2C /* Base */,
			);
			name = Main.storyboard;
			sourceTree = "<group>";
		};
		81B5F3901F741A6500EA6A2C /* LaunchScreen.storyboard */ = {
			isa = PBXVariantGroup;
			children = (
				81B5F3911F741A6500EA6A2C /* Base */,
			);
			name = LaunchScreen.storyboard;
			sourceTree = "<group>";
		};
/* End PBXVariantGroup section */

/* Begin XCBuildConfiguration section */
		81B5F3941F741A6500EA6A2C /* Debug */ = {
			isa = XCBuildConfiguration;
			buildSettings = {
				ALWAYS_SEARCH_USER_PATHS = NO;
				CLANG_ANALYZER_NONNULL = YES;
				CLANG_ANALYZER_NUMBER_OBJECT_CONVERSION = YES_AGGRESSIVE;
				CLANG_CXX_LANGUAGE_STANDARD = "gnu++14";
				CLANG_CXX_LIBRARY = "libc++";
				CLANG_ENABLE_MODULES = YES;
				CLANG_ENABLE_OBJC_ARC = YES;
				CLANG_WARN_BLOCK_CAPTURE_AUTORELEASING = YES;
				CLANG_WARN_BOOL_CONVERSION = YES;
				CLANG_WARN_COMMA = YES;
				CLANG_WARN_CONSTANT_CONVERSION = YES;
				CLANG_WARN_DIRECT_OBJC_ISA_USAGE = YES_ERROR;
				CLANG_WARN_DOCUMENTATION_COMMENTS = YES;
				CLANG_WARN_EMPTY_BODY = YES;
				CLANG_WARN_ENUM_CONVERSION = YES;
				CLANG_WARN_INFINITE_RECURSION = YES;
				CLANG_WARN_INT_CONVERSION = YES;
				CLANG_WARN_NON_LITERAL_NULL_CONVERSION = YES;
				CLANG_WARN_OBJC_LITERAL_CONVERSION = YES;
				CLANG_WARN_OBJC_ROOT_CLASS = YES_ERROR;
				CLANG_WARN_RANGE_LOOP_ANALYSIS = YES;
				CLANG_WARN_STRICT_PROTOTYPES = YES;
				CLANG_WARN_SUSPICIOUS_MOVE = YES;
				CLANG_WARN_UNGUARDED_AVAILABILITY = YES_AGGRESSIVE;
				CLANG_WARN_UNREACHABLE_CODE = YES;
				CLANG_WARN__DUPLICATE_METHOD_MATCH = YES;
				CODE_SIGN_IDENTITY = "iPhone Developer";
				COPY_PHASE_STRIP = NO;
				DEBUG_INFORMATION_FORMAT = dwarf;
				ENABLE_STRICT_OBJC_MSGSEND = YES;
				ENABLE_TESTABILITY = YES;
				GCC_C_LANGUAGE_STANDARD = gnu11;
				GCC_DYNAMIC_NO_PIC = NO;
				GCC_NO_COMMON_BLOCKS = YES;
				GCC_OPTIMIZATION_LEVEL = 0;
				GCC_PREPROCESSOR_DEFINITIONS = (
					"DEBUG=1",
					"$(inherited)",
				);
				GCC_WARN_64_TO_32_BIT_CONVERSION = YES;
				GCC_WARN_ABOUT_RETURN_TYPE = YES_ERROR;
				GCC_WARN_UNDECLARED_SELECTOR = YES;
				GCC_WARN_UNINITIALIZED_AUTOS = YES_AGGRESSIVE;
				GCC_WARN_UNUSED_FUNCTION = YES;
				GCC_WARN_UNUSED_VARIABLE = YES;
				IPHONEOS_DEPLOYMENT_TARGET = 11.0;
				MTL_ENABLE_DEBUG_INFO = YES;
				ONLY_ACTIVE_ARCH = YES;
				SDKROOT = iphoneos;
				SWIFT_ACTIVE_COMPILATION_CONDITIONS = DEBUG;
				SWIFT_OPTIMIZATION_LEVEL = "-Onone";
			};
			name = Debug;
		};
		81B5F3951F741A6500EA6A2C /* Release */ = {
			isa = XCBuildConfiguration;
			buildSettings = {
				ALWAYS_SEARCH_USER_PATHS = NO;
				CLANG_ANALYZER_NONNULL = YES;
				CLANG_ANALYZER_NUMBER_OBJECT_CONVERSION = YES_AGGRESSIVE;
				CLANG_CXX_LANGUAGE_STANDARD = "gnu++14";
				CLANG_CXX_LIBRARY = "libc++";
				CLANG_ENABLE_MODULES = YES;
				CLANG_ENABLE_OBJC_ARC = YES;
				CLANG_WARN_BLOCK_CAPTURE_AUTORELEASING = YES;
				CLANG_WARN_BOOL_CONVERSION = YES;
				CLANG_WARN_COMMA = YES;
				CLANG_WARN_CONSTANT_CONVERSION = YES;
				CLANG_WARN_DIRECT_OBJC_ISA_USAGE = YES_ERROR;
				CLANG_WARN_DOCUMENTATION_COMMENTS = YES;
				CLANG_WARN_EMPTY_BODY = YES;
				CLANG_WARN_ENUM_CONVERSION = YES;
				CLANG_WARN_INFINITE_RECURSION = YES;
				CLANG_WARN_INT_CONVERSION = YES;
				CLANG_WARN_NON_LITERAL_NULL_CONVERSION = YES;
				CLANG_WARN_OBJC_LITERAL_CONVERSION = YES;
				CLANG_WARN_OBJC_ROOT_CLASS = YES_ERROR;
				CLANG_WARN_RANGE_LOOP_ANALYSIS = YES;
				CLANG_WARN_STRICT_PROTOTYPES = YES;
				CLANG_WARN_SUSPICIOUS_MOVE = YES;
				CLANG_WARN_UNGUARDED_AVAILABILITY = YES_AGGRESSIVE;
				CLANG_WARN_UNREACHABLE_CODE = YES;
				CLANG_WARN__DUPLICATE_METHOD_MATCH = YES;
				CODE_SIGN_IDENTITY = "iPhone Developer";
				COPY_PHASE_STRIP = NO;
				DEBUG_INFORMATION_FORMAT = "dwarf-with-dsym";
				ENABLE_NS_ASSERTIONS = NO;
				ENABLE_STRICT_OBJC_MSGSEND = YES;
				GCC_C_LANGUAGE_STANDARD = gnu11;
				GCC_NO_COMMON_BLOCKS = YES;
				GCC_WARN_64_TO_32_BIT_CONVERSION = YES;
				GCC_WARN_ABOUT_RETURN_TYPE = YES_ERROR;
				GCC_WARN_UNDECLARED_SELECTOR = YES;
				GCC_WARN_UNINITIALIZED_AUTOS = YES_AGGRESSIVE;
				GCC_WARN_UNUSED_FUNCTION = YES;
				GCC_WARN_UNUSED_VARIABLE = YES;
				IPHONEOS_DEPLOYMENT_TARGET = 11.0;
				MTL_ENABLE_DEBUG_INFO = NO;
				SDKROOT = iphoneos;
				SWIFT_OPTIMIZATION_LEVEL = "-Owholemodule";
				VALIDATE_PRODUCT = YES;
			};
			name = Release;
		};
		81B5F3971F741A6500EA6A2C /* Debug */ = {
			isa = XCBuildConfiguration;
			buildSettings = {
				ASSETCATALOG_COMPILER_APPICON_NAME = AppIcon;
				DEVELOPMENT_TEAM = T2SWCCS5NZ;
				INFOPLIST_FILE = DuoSnap/Info.plist;
				LD_RUNPATH_SEARCH_PATHS = "$(inherited) @executable_path/Frameworks";
				PRODUCT_BUNDLE_IDENTIFIER = com.nasimahmed.DuoSnap;
				PRODUCT_NAME = "$(TARGET_NAME)";
				SWIFT_VERSION = 4.0;
				TARGETED_DEVICE_FAMILY = "1,2";
			};
			name = Debug;
		};
		81B5F3981F741A6500EA6A2C /* Release */ = {
			isa = XCBuildConfiguration;
			buildSettings = {
				ASSETCATALOG_COMPILER_APPICON_NAME = AppIcon;
				DEVELOPMENT_TEAM = T2SWCCS5NZ;
				INFOPLIST_FILE = DuoSnap/Info.plist;
				LD_RUNPATH_SEARCH_PATHS = "$(inherited) @executable_path/Frameworks";
				PRODUCT_BUNDLE_IDENTIFIER = com.nasimahmed.DuoSnap;
				PRODUCT_NAME = "$(TARGET_NAME)";
				SWIFT_VERSION = 4.0;
				TARGETED_DEVICE_FAMILY = "1,2";
			};
			name = Release;
		};
/* End XCBuildConfiguration section */

/* Begin XCConfigurationList section */
		81B5F37C1F741A6500EA6A2C /* Build configuration list for PBXProject "DuoSnap" */ = {
			isa = XCConfigurationList;
			buildConfigurations = (
				81B5F3941F741A6500EA6A2C /* Debug */,
				81B5F3951F741A6500EA6A2C /* Release */,
			);
			defaultConfigurationIsVisible = 0;
			defaultConfigurationName = Release;
		};
		81B5F3961F741A6500EA6A2C /* Build configuration list for PBXNativeTarget "DuoSnap" */ = {
			isa = XCConfigurationList;
			buildConfigurations = (
				81B5F3971F741A6500EA6A2C /* Debug */,
				81B5F3981F741A6500EA6A2C /* Release */,
			);
			defaultConfigurationIsVisible = 0;
			defaultConfigurationName = Release;
		};
/* End XCConfigurationList section */

/* Begin XCVersionGroup section */
		81B5F38B1F741A6500EA6A2C /* DuoSnap.xcdatamodeld */ = {
			isa = XCVersionGroup;
			children = (
				81B5F38C1F741A6500EA6A2C /* DuoSnap.xcdatamodel */,
			);
			currentVersion = 81B5F38C1F741A6500EA6A2C /* DuoSnap.xcdatamodel */;
			path = DuoSnap.xcdatamodeld;
			sourceTree = "<group>";
			versionGroupType = wrapper.xcdatamodel;
		};
/* End XCVersionGroup section */
	};
	rootObject = 81B5F3791F741A6500EA6A2C /* Project object */;
}
